<Solution>
  <Folder Name="/src/">
    <Project Path="src/CheckoutKata.Domain/CheckoutKata.Domain.csproj" />
    <Project Path="src/CheckoutKata.Application/CheckoutKata.Application.csproj" />
  </Folder>
  <Folder Name="/tests/">
    <Project Path="tests/CheckoutKata.UnitTests/CheckoutKata.UnitTests.csproj" />
    <Project Path="tests/CheckoutKata.ArchitectureTests/CheckoutKata.ArchitectureTests.csproj" />
  </Folder>
</Solution>
