<Solution>
  <Folder Name="/src/">
    <Project Path="src/CheckoutKata.Domain/CheckoutKata.Domain.csproj" />
    <Project Path="src/CheckoutKata.Application/CheckoutKata.Application.csproj" />
    <Project Path="src/CheckoutKata.ServiceDefaults/CheckoutKata.ServiceDefaults.csproj" />
    <Project Path="src/CheckoutKata.Api/CheckoutKata.Api.csproj" />
    <Project Path="src/CheckoutKata.AppHost/CheckoutKata.AppHost.csproj" />
  </Folder>
  <Folder Name="/tests/">
    <Project Path="tests/CheckoutKata.Domain.UnitTests/CheckoutKata.Domain.UnitTests.csproj" />
    <Project Path="tests/CheckoutKata.Application.UnitTests/CheckoutKata.Application.UnitTests.csproj" />
    <Project Path="tests/CheckoutKata.ArchitectureTests/CheckoutKata.ArchitectureTests.csproj" />
    <Project Path="tests/CheckoutKata.Api.IntegrationTests/CheckoutKata.Api.IntegrationTests.csproj" />
  </Folder>
</Solution>
